
Microsoft Visual Studio Solution File, Format Version 12.00
# Visual Studio Version 16
VisualStudioVersion = 16.0.34031.81
MinimumVisualStudioVersion = 10.0.40219.1
Project("{FAE04EC0-301F-11D3-BF4B-00C04F79EFBC}") = "BaiTap", "BaiTap\BaiTap.csproj", "{B0289661-24FA-4495-9DB7-8A3B2427D055}"
EndProject
Global
	GlobalSection(SolutionConfigurationPlatforms) = preSolution
		Debug|Any CPU = Debug|Any CPU
		Release|Any CPU = Release|Any CPU
	EndGlobalSection
	GlobalSection(ProjectConfigurationPlatforms) = postSolution
		{B0289661-24FA-4495-9DB7-8A3B2427D055}.Debug|Any CPU.ActiveCfg = Debug|Any CPU
		{B0289661-24FA-4495-9DB7-8A3B2427D055}.Debug|Any CPU.Build.0 = Debug|Any CPU
		{B0289661-24FA-4495-9DB7-8A3B2427D055}.Release|Any CPU.ActiveCfg = Release|Any CPU
		{B0289661-24FA-4495-9DB7-8A3B2427D055}.Release|Any CPU.Build.0 = Release|Any CPU
	EndGlobalSection
	GlobalSection(SolutionProperties) = preSolution
		HideSolutionNode = FALSE
	EndGlobalSection
	GlobalSection(ExtensibilityGlobals) = postSolution
		SolutionGuid = {7C733189-A445-41ED-979F-D712E515FD47}
	EndGlobalSection
EndGlobal
